
Microsoft Visual Studio Solution File, Format Version 12.00
# Visual Studio Version 16
VisualStudioVersion = 16.0.31005.135
MinimumVisualStudioVersion = 10.0.40219.1
Project("{159641D6-6404-4A2A-AE62-294DE0FE8301}") = "AdWorks", "AdWorks\AdWorks.dtproj", "{B153E9C0-77C4-4A8E-A460-056056D5EB05}"
EndProject
Global
	GlobalSection(SolutionConfigurationPlatforms) = preSolution
		Development|Default = Development|Default
	EndGlobalSection
	GlobalSection(ProjectConfigurationPlatforms) = postSolution
		{B153E9C0-77C4-4A8E-A460-056056D5EB05}.Development|Default.ActiveCfg = Development
		{B153E9C0-77C4-4A8E-A460-056056D5EB05}.Development|Default.Build.0 = Development
	EndGlobalSection
	GlobalSection(SolutionProperties) = preSolution
		HideSolutionNode = FALSE
	EndGlobalSection
	GlobalSection(ExtensibilityGlobals) = postSolution
		SolutionGuid = {D3B3F9FD-386A-4892-8FEC-52FE66DE2B4A}
	EndGlobalSection
EndGlobal
